// !$*UTF8*$!
{
	archiveVersion = 1;
	classes = {
	};
	objectVersion = 55;
	objects = {

/* Begin PBXBuildFile section */
		7D9B0A7C28CB713500DF597B /* ListApp.swift in Sources */ = {isa = PBXBuildFile; fileRef = 7D9B0A7B28CB713500DF597B /* ListApp.swift */; };
		7D9B0A7E28CB713500DF597B /* ContentView.swift in Sources */ = {isa = PBXBuildFile; fileRef = 7D9B0A7D28CB713500DF597B /* ContentView.swift */; };
		7D9B0A8028CB713900DF597B /* Assets.xcassets in Resources */ = {isa = PBXBuildFile; fileRef = 7D9B0A7F28CB713900DF597B /* Assets.xcassets */; };
		7D9B0A8328CB713900DF597B /* Preview Assets.xcassets in Resources */ = {isa = PBXBuildFile; fileRef = 7D9B0A8228CB713900DF597B /* Preview Assets.xcassets */; };
		7D9B0A8D28CB713A00DF597B /* ListTests.swift in Sources */ = {isa = PBXBuildFile; fileRef = 7D9B0A8C28CB713A00DF597B /* ListTests.swift */; };
		7D9B0A9728CB713A00DF597B /* ListUITests.swift in Sources */ = {isa = PBXBuildFile; fileRef = 7D9B0A9628CB713A00DF597B /* ListUITests.swift */; };
		7D9B0A9928CB713A00DF597B /* ListUITestsLaunchTests.swift in Sources */ = {isa = PBXBuildFile; fileRef = 7D9B0A9828CB713A00DF597B /* ListUITestsLaunchTests.swift */; };
/* End PBXBuildFile section */

/* Begin PBXContainerItemProxy section */
		7D9B0A8928CB713A00DF597B /* PBXContainerItemProxy */ = {
			isa = PBXContainerItemProxy;
			containerPortal = 7D9B0A7028CB713500DF597B /* Project object */;
			proxyType = 1;
			remoteGlobalIDString = 7D9B0A7728CB713500DF597B;
			remoteInfo = List;
		};
		7D9B0A9328CB713A00DF597B /* PBXContainerItemProxy */ = {
			isa = PBXContainerItemProxy;
			containerPortal = 7D9B0A7028CB713500DF597B /* Project object */;
			proxyType = 1;
			remoteGlobalIDString = 7D9B0A7728CB713500DF597B;
			remoteInfo = List;
		};
/* End PBXContainerItemProxy section */

/* Begin PBXFileReference section */
		7D9B0A7828CB713500DF597B /* List.app */ = {isa = PBXFileReference; explicitFileType = wrapper.application; includeInIndex = 0; path = List.app; sourceTree = BUILT_PRODUCTS_DIR; };
		7D9B0A7B28CB713500DF597B /* ListApp.swift */ = {isa = PBXFileReference; lastKnownFileType = sourcecode.swift; path = ListApp.swift; sourceTree = "<group>"; };
		7D9B0A7D28CB713500DF597B /* ContentView.swift */ = {isa = PBXFileReference; lastKnownFileType = sourcecode.swift; path = ContentView.swift; sourceTree = "<group>"; };
		7D9B0A7F28CB713900DF597B /* Assets.xcassets */ = {isa = PBXFileReference; lastKnownFileType = folder.assetcatalog; path = Assets.xcassets; sourceTree = "<group>"; };
		7D9B0A8228CB713900DF597B /* Preview Assets.xcassets */ = {isa = PBXFileReference; lastKnownFileType = folder.assetcatalog; path = "Preview Assets.xcassets"; sourceTree = "<group>"; };
		7D9B0A8828CB713A00DF597B /* ListTests.xctest */ = {isa = PBXFileReference; explicitFileType = wrapper.cfbundle; includeInIndex = 0; path = ListTests.xctest; sourceTree = BUILT_PRODUCTS_DIR; };
		7D9B0A8C28CB713A00DF597B /* ListTests.swift */ = {isa = PBXFileReference; lastKnownFileType = sourcecode.swift; path = ListTests.swift; sourceTree = "<group>"; };
		7D9B0A9228CB713A00DF597B /* ListUITests.xctest */ = {isa = PBXFileReference; explicitFileType = wrapper.cfbundle; includeInIndex = 0; path = ListUITests.xctest; sourceTree = BUILT_PRODUCTS_DIR; };
		7D9B0A9628CB713A00DF597B /* ListUITests.swift */ = {isa = PBXFileReference; lastKnownFileType = sourcecode.swift; path = ListUITests.swift; sourceTree = "<group>"; };
		7D9B0A9828CB713A00DF597B /* ListUITestsLaunchTests.swift */ = {isa = PBXFileReference; lastKnownFileType = sourcecode.swift; path = ListUITestsLaunchTests.swift; sourceTree = "<group>"; };
/* End PBXFileReference section */

/* Begin PBXFrameworksBuildPhase section */
		7D9B0A7528CB713500DF597B /* Frameworks */ = {
			isa = PBXFrameworksBuildPhase;
			buildActionMask = 2147483647;
			files = (
			);
			runOnlyForDeploymentPostprocessing = 0;
		};
		7D9B0A8528CB713A00DF597B /* Frameworks */ = {
			isa = PBXFrameworksBuildPhase;
			buildActionMask = 2147483647;
			files = (
			);
			runOnlyForDeploymentPostprocessing = 0;
		};
		7D9B0A8F28CB713A00DF597B /* Frameworks */ = {
			isa = PBXFrameworksBuildPhase;
			buildActionMask = 2147483647;
			files = (
			);
			runOnlyForDeploymentPostprocessing = 0;
		};
/* End PBXFrameworksBuildPhase section */

/* Begin PBXGroup section */
		7D9B0A6F28CB713500DF597B = {
			isa = PBXGroup;
			children = (
				7D9B0A7A28CB713500DF597B /* List */,
				7D9B0A8B28CB713A00DF597B /* ListTests */,
				7D9B0A9528CB713A00DF597B /* ListUITests */,
				7D9B0A7928CB713500DF597B /* Products */,
			);
			sourceTree = "<group>";
		};
		7D9B0A7928CB713500DF597B /* Products */ = {
			isa = PBXGroup;
			children = (
				7D9B0A7828CB713500DF597B /* List.app */,
				7D9B0A8828CB713A00DF597B /* ListTests.xctest */,
				7D9B0A9228CB713A00DF597B /* ListUITests.xctest */,
			);
			name = Products;
			sourceTree = "<group>";
		};
		7D9B0A7A28CB713500DF597B /* List */ = {
			isa = PBXGroup;
			children = (
				7D9B0A7B28CB713500DF597B /* ListApp.swift */,
				7D9B0A7D28CB713500DF597B /* ContentView.swift */,
				7D9B0A7F28CB713900DF597B /* Assets.xcassets */,
				7D9B0A8128CB713900DF597B /* Preview Content */,
			);
			path = List;
			sourceTree = "<group>";
		};
		7D9B0A8128CB713900DF597B /* Preview Content */ = {
			isa = PBXGroup;
			children = (
				7D9B0A8228CB713900DF597B /* Preview Assets.xcassets */,
			);
			path = "Preview Content";
			sourceTree = "<group>";
		};
		7D9B0A8B28CB713A00DF597B /* ListTests */ = {
			isa = PBXGroup;
			children = (
				7D9B0A8C28CB713A00DF597B /* ListTests.swift */,
			);
			path = ListTests;
			sourceTree = "<group>";
		};
		7D9B0A9528CB713A00DF597B /* ListUITests */ = {
			isa = PBXGroup;
			children = (
				7D9B0A9628CB713A00DF597B /* ListUITests.swift */,
				7D9B0A9828CB713A00DF597B /* ListUITestsLaunchTests.swift */,
			);
			path = ListUITests;
			sourceTree = "<group>";
		};
/* End PBXGroup section */

/* Begin PBXNativeTarget section */
		7D9B0A7728CB713500DF597B /* List */ = {
			isa = PBXNativeTarget;
			buildConfigurationList = 7D9B0A9C28CB713A00DF597B /* Build configuration list for PBXNativeTarget "List" */;
			buildPhases = (
				7D9B0A7428CB713500DF597B /* Sources */,
				7D9B0A7528CB713500DF597B /* Frameworks */,
				7D9B0A7628CB713500DF597B /* Resources */,
			);
			buildRules = (
			);
			dependencies = (
			);
			name = List;
			productName = List;
			productReference = 7D9B0A7828CB713500DF597B /* List.app */;
			productType = "com.apple.product-type.application";
		};
		7D9B0A8728CB713A00DF597B /* ListTests */ = {
			isa = PBXNativeTarget;
			buildConfigurationList = 7D9B0A9F28CB713A00DF597B /* Build configuration list for PBXNativeTarget "ListTests" */;
			buildPhases = (
				7D9B0A8428CB713A00DF597B /* Sources */,
				7D9B0A8528CB713A00DF597B /* Frameworks */,
				7D9B0A8628CB713A00DF597B /* Resources */,
			);
			buildRules = (
			);
			dependencies = (
				7D9B0A8A28CB713A00DF597B /* PBXTargetDependency */,
			);
			name = ListTests;
			productName = ListTests;
			productReference = 7D9B0A8828CB713A00DF597B /* ListTests.xctest */;
			productType = "com.apple.product-type.bundle.unit-test";
		};
		7D9B0A9128CB713A00DF597B /* ListUITests */ = {
			isa = PBXNativeTarget;
			buildConfigurationList = 7D9B0AA228CB713A00DF597B /* Build configuration list for PBXNativeTarget "ListUITests" */;
			buildPhases = (
				7D9B0A8E28CB713A00DF597B /* Sources */,
				7D9B0A8F28CB713A00DF597B /* Frameworks */,
				7D9B0A9028CB713A00DF597B /* Resources */,
			);
			buildRules = (
			);
			dependencies = (
				7D9B0A9428CB713A00DF597B /* PBXTargetDependency */,
			);
			name = ListUITests;
			productName = ListUITests;
			productReference = 7D9B0A9228CB713A00DF597B /* ListUITests.xctest */;
			productType = "com.apple.product-type.bundle.ui-testing";
		};
/* End PBXNativeTarget section */

/* Begin PBXProject section */
		7D9B0A7028CB713500DF597B /* Project object */ = {
			isa = PBXProject;
			attributes = {
				BuildIndependentTargetsInParallel = 1;
				LastSwiftUpdateCheck = 1340;
				LastUpgradeCheck = 1340;
				TargetAttributes = {
					7D9B0A7728CB713500DF597B = {
						CreatedOnToolsVersion = 13.4.1;
					};
					7D9B0A8728CB713A00DF597B = {
						CreatedOnToolsVersion = 13.4.1;
						TestTargetID = 7D9B0A7728CB713500DF597B;
					};
					7D9B0A9128CB713A00DF597B = {
						CreatedOnToolsVersion = 13.4.1;
						TestTargetID = 7D9B0A7728CB713500DF597B;
					};
				};
			};
			buildConfigurationList = 7D9B0A7328CB713500DF597B /* Build configuration list for PBXProject "List" */;
			compatibilityVersion = "Xcode 13.0";
			developmentRegion = en;
			hasScannedForEncodings = 0;
			knownRegions = (
				en,
				Base,
			);
			mainGroup = 7D9B0A6F28CB713500DF597B;
			productRefGroup = 7D9B0A7928CB713500DF597B /* Products */;
			projectDirPath = "";
			projectRoot = "";
			targets = (
				7D9B0A7728CB713500DF597B /* List */,
				7D9B0A8728CB713A00DF597B /* ListTests */,
				7D9B0A9128CB713A00DF597B /* ListUITests */,
			);
		};
/* End PBXProject section */

/* Begin PBXResourcesBuildPhase section */
		7D9B0A7628CB713500DF597B /* Resources */ = {
			isa = PBXResourcesBuildPhase;
			buildActionMask = 2147483647;
			files = (
				7D9B0A8328CB713900DF597B /* Preview Assets.xcassets in Resources */,
				7D9B0A8028CB713900DF597B /* Assets.xcassets in Resources */,
			);
			runOnlyForDeploymentPostprocessing = 0;
		};
		7D9B0A8628CB713A00DF597B /* Resources */ = {
			isa = PBXResourcesBuildPhase;
			buildActionMask = 2147483647;
			files = (
			);
			runOnlyForDeploymentPostprocessing = 0;
		};
		7D9B0A9028CB713A00DF597B /* Resources */ = {
			isa = PBXResourcesBuildPhase;
			buildActionMask = 2147483647;
			files = (
			);
			runOnlyForDeploymentPostprocessing = 0;
		};
/* End PBXResourcesBuildPhase section */

/* Begin PBXSourcesBuildPhase section */
		7D9B0A7428CB713500DF597B /* Sources */ = {
			isa = PBXSourcesBuildPhase;
			buildActionMask = 2147483647;
			files = (
				7D9B0A7E28CB713500DF597B /* ContentView.swift in Sources */,
				7D9B0A7C28CB713500DF597B /* ListApp.swift in Sources */,
			);
			runOnlyForDeploymentPostprocessing = 0;
		};
		7D9B0A8428CB713A00DF597B /* Sources */ = {
			isa = PBXSourcesBuildPhase;
			buildActionMask = 2147483647;
			files = (
				7D9B0A8D28CB713A00DF597B /* ListTests.swift in Sources */,
			);
			runOnlyForDeploymentPostprocessing = 0;
		};
		7D9B0A8E28CB713A00DF597B /* Sources */ = {
			isa = PBXSourcesBuildPhase;
			buildActionMask = 2147483647;
			files = (
				7D9B0A9928CB713A00DF597B /* ListUITestsLaunchTests.swift in Sources */,
				7D9B0A9728CB713A00DF597B /* ListUITests.swift in Sources */,
			);
			runOnlyForDeploymentPostprocessing = 0;
		};
/* End PBXSourcesBuildPhase section */

/* Begin PBXTargetDependency section */
		7D9B0A8A28CB713A00DF597B /* PBXTargetDependency */ = {
			isa = PBXTargetDependency;
			target = 7D9B0A7728CB713500DF597B /* List */;
			targetProxy = 7D9B0A8928CB713A00DF597B /* PBXContainerItemProxy */;
		};
		7D9B0A9428CB713A00DF597B /* PBXTargetDependency */ = {
			isa = PBXTargetDependency;
			target = 7D9B0A7728CB713500DF597B /* List */;
			targetProxy = 7D9B0A9328CB713A00DF597B /* PBXContainerItemProxy */;
		};
/* End PBXTargetDependency section */

/* Begin XCBuildConfiguration section */
		7D9B0A9A28CB713A00DF597B /* Debug */ = {
			isa = XCBuildConfiguration;
			buildSettings = {
				ALWAYS_SEARCH_USER_PATHS = NO;
				CLANG_ANALYZER_NONNULL = YES;
				CLANG_ANALYZER_NUMBER_OBJECT_CONVERSION = YES_AGGRESSIVE;
				CLANG_CXX_LANGUAGE_STANDARD = "gnu++17";
				CLANG_ENABLE_MODULES = YES;
				CLANG_ENABLE_OBJC_ARC = YES;
				CLANG_ENABLE_OBJC_WEAK = YES;
				CLANG_WARN_BLOCK_CAPTURE_AUTORELEASING = YES;
				CLANG_WARN_BOOL_CONVERSION = YES;
				CLANG_WARN_COMMA = YES;
				CLANG_WARN_CONSTANT_CONVERSION = YES;
				CLANG_WARN_DEPRECATED_OBJC_IMPLEMENTATIONS = YES;
				CLANG_WARN_DIRECT_OBJC_ISA_USAGE = YES_ERROR;
				CLANG_WARN_DOCUMENTATION_COMMENTS = YES;
				CLANG_WARN_EMPTY_BODY = YES;
				CLANG_WARN_ENUM_CONVERSION = YES;
				CLANG_WARN_INFINITE_RECURSION = YES;
				CLANG_WARN_INT_CONVERSION = YES;
				CLANG_WARN_NON_LITERAL_NULL_CONVERSION = YES;
				CLANG_WARN_OBJC_IMPLICIT_RETAIN_SELF = YES;
				CLANG_WARN_OBJC_LITERAL_CONVERSION = YES;
				CLANG_WARN_OBJC_ROOT_CLASS = YES_ERROR;
				CLANG_WARN_QUOTED_INCLUDE_IN_FRAMEWORK_HEADER = YES;
				CLANG_WARN_RANGE_LOOP_ANALYSIS = YES;
				CLANG_WARN_STRICT_PROTOTYPES = YES;
				CLANG_WARN_SUSPICIOUS_MOVE = YES;
				CLANG_WARN_UNGUARDED_AVAILABILITY = YES_AGGRESSIVE;
				CLANG_WARN_UNREACHABLE_CODE = YES;
				CLANG_WARN__DUPLICATE_METHOD_MATCH = YES;
				COPY_PHASE_STRIP = NO;
				DEBUG_INFORMATION_FORMAT = dwarf;
				ENABLE_STRICT_OBJC_MSGSEND = YES;
				ENABLE_TESTABILITY = YES;
				GCC_C_LANGUAGE_STANDARD = gnu11;
				GCC_DYNAMIC_NO_PIC = NO;
				GCC_NO_COMMON_BLOCKS = YES;
				GCC_OPTIMIZATION_LEVEL = 0;
				GCC_PREPROCESSOR_DEFINITIONS = (
					"DEBUG=1",
					"$(inherited)",
				);
				GCC_WARN_64_TO_32_BIT_CONVERSION = YES;
				GCC_WARN_ABOUT_RETURN_TYPE = YES_ERROR;
				GCC_WARN_UNDECLARED_SELECTOR = YES;
				GCC_WARN_UNINITIALIZED_AUTOS = YES_AGGRESSIVE;
				GCC_WARN_UNUSED_FUNCTION = YES;
				GCC_WARN_UNUSED_VARIABLE = YES;
				IPHONEOS_DEPLOYMENT_TARGET = 15.5;
				MTL_ENABLE_DEBUG_INFO = INCLUDE_SOURCE;
				MTL_FAST_MATH = YES;
				ONLY_ACTIVE_ARCH = YES;
				SDKROOT = iphoneos;
				SWIFT_ACTIVE_COMPILATION_CONDITIONS = DEBUG;
				SWIFT_OPTIMIZATION_LEVEL = "-Onone";
			};
			name = Debug;
		};
		7D9B0A9B28CB713A00DF597B /* Release */ = {
			isa = XCBuildConfiguration;
			buildSettings = {
				ALWAYS_SEARCH_USER_PATHS = NO;
				CLANG_ANALYZER_NONNULL = YES;
				CLANG_ANALYZER_NUMBER_OBJECT_CONVERSION = YES_AGGRESSIVE;
				CLANG_CXX_LANGUAGE_STANDARD = "gnu++17";
				CLANG_ENABLE_MODULES = YES;
				CLANG_ENABLE_OBJC_ARC = YES;
				CLANG_ENABLE_OBJC_WEAK = YES;
				CLANG_WARN_BLOCK_CAPTURE_AUTORELEASING = YES;
				CLANG_WARN_BOOL_CONVERSION = YES;
				CLANG_WARN_COMMA = YES;
				CLANG_WARN_CONSTANT_CONVERSION = YES;
				CLANG_WARN_DEPRECATED_OBJC_IMPLEMENTATIONS = YES;
				CLANG_WARN_DIRECT_OBJC_ISA_USAGE = YES_ERROR;
				CLANG_WARN_DOCUMENTATION_COMMENTS = YES;
				CLANG_WARN_EMPTY_BODY = YES;
				CLANG_WARN_ENUM_CONVERSION = YES;
				CLANG_WARN_INFINITE_RECURSION = YES;
				CLANG_WARN_INT_CONVERSION = YES;
				CLANG_WARN_NON_LITERAL_NULL_CONVERSION = YES;
				CLANG_WARN_OBJC_IMPLICIT_RETAIN_SELF = YES;
				CLANG_WARN_OBJC_LITERAL_CONVERSION = YES;
				CLANG_WARN_OBJC_ROOT_CLASS = YES_ERROR;
				CLANG_WARN_QUOTED_INCLUDE_IN_FRAMEWORK_HEADER = YES;
				CLANG_WARN_RANGE_LOOP_ANALYSIS = YES;
				CLANG_WARN_STRICT_PROTOTYPES = YES;
				CLANG_WARN_SUSPICIOUS_MOVE = YES;
				CLANG_WARN_UNGUARDED_AVAILABILITY = YES_AGGRESSIVE;
				CLANG_WARN_UNREACHABLE_CODE = YES;
				CLANG_WARN__DUPLICATE_METHOD_MATCH = YES;
				COPY_PHASE_STRIP = NO;
				DEBUG_INFORMATION_FORMAT = "dwarf-with-dsym";
				ENABLE_NS_ASSERTIONS = NO;
				ENABLE_STRICT_OBJC_MSGSEND = YES;
				GCC_C_LANGUAGE_STANDARD = gnu11;
				GCC_NO_COMMON_BLOCKS = YES;
				GCC_WARN_64_TO_32_BIT_CONVERSION = YES;
				GCC_WARN_ABOUT_RETURN_TYPE = YES_ERROR;
				GCC_WARN_UNDECLARED_SELECTOR = YES;
				GCC_WARN_UNINITIALIZED_AUTOS = YES_AGGRESSIVE;
				GCC_WARN_UNUSED_FUNCTION = YES;
				GCC_WARN_UNUSED_VARIABLE = YES;
				IPHONEOS_DEPLOYMENT_TARGET = 15.5;
				MTL_ENABLE_DEBUG_INFO = NO;
				MTL_FAST_MATH = YES;
				SDKROOT = iphoneos;
				SWIFT_COMPILATION_MODE = wholemodule;
				SWIFT_OPTIMIZATION_LEVEL = "-O";
				VALIDATE_PRODUCT = YES;
			};
			name = Release;
		};
		7D9B0A9D28CB713A00DF597B /* Debug */ = {
			isa = XCBuildConfiguration;
			buildSettings = {
				ASSETCATALOG_COMPILER_APPICON_NAME = AppIcon;
				ASSETCATALOG_COMPILER_GLOBAL_ACCENT_COLOR_NAME = AccentColor;
				CODE_SIGN_STYLE = Automatic;
				CURRENT_PROJECT_VERSION = 1;
				DEVELOPMENT_ASSET_PATHS = "\"List/Preview Content\"";
				DEVELOPMENT_TEAM = 5TFZ6X7YRG;
				ENABLE_PREVIEWS = YES;
				GENERATE_INFOPLIST_FILE = YES;
				INFOPLIST_KEY_UIApplicationSceneManifest_Generation = YES;
				INFOPLIST_KEY_UIApplicationSupportsIndirectInputEvents = YES;
				INFOPLIST_KEY_UILaunchScreen_Generation = YES;
				INFOPLIST_KEY_UISupportedInterfaceOrientations_iPad = "UIInterfaceOrientationPortrait UIInterfaceOrientationPortraitUpsideDown UIInterfaceOrientationLandscapeLeft UIInterfaceOrientationLandscapeRight";
				INFOPLIST_KEY_UISupportedInterfaceOrientations_iPhone = "UIInterfaceOrientationPortrait UIInterfaceOrientationLandscapeLeft UIInterfaceOrientationLandscapeRight";
				LD_RUNPATH_SEARCH_PATHS = (
					"$(inherited)",
					"@executable_path/Frameworks",
				);
				MARKETING_VERSION = 1.0;
				PRODUCT_BUNDLE_IDENTIFIER = "com.yTulsa-Tech.List";
				PRODUCT_NAME = "$(TARGET_NAME)";
				SWIFT_EMIT_LOC_STRINGS = YES;
				SWIFT_VERSION = 5.0;
				TARGETED_DEVICE_FAMILY = "1,2";
			};
			name = Debug;
		};
		7D9B0A9E28CB713A00DF597B /* Release */ = {
			isa = XCBuildConfiguration;
			buildSettings = {
				ASSETCATALOG_COMPILER_APPICON_NAME = AppIcon;
				ASSETCATALOG_COMPILER_GLOBAL_ACCENT_COLOR_NAME = AccentColor;
				CODE_SIGN_STYLE = Automatic;
				CURRENT_PROJECT_VERSION = 1;
				DEVELOPMENT_ASSET_PATHS = "\"List/Preview Content\"";
				DEVELOPMENT_TEAM = 5TFZ6X7YRG;
				ENABLE_PREVIEWS = YES;
				GENERATE_INFOPLIST_FILE = YES;
				INFOPLIST_KEY_UIApplicationSceneManifest_Generation = YES;
				INFOPLIST_KEY_UIApplicationSupportsIndirectInputEvents = YES;
				INFOPLIST_KEY_UILaunchScreen_Generation = YES;
				INFOPLIST_KEY_UISupportedInterfaceOrientations_iPad = "UIInterfaceOrientationPortrait UIInterfaceOrientationPortraitUpsideDown UIInterfaceOrientationLandscapeLeft UIInterfaceOrientationLandscapeRight";
				INFOPLIST_KEY_UISupportedInterfaceOrientations_iPhone = "UIInterfaceOrientationPortrait UIInterfaceOrientationLandscapeLeft UIInterfaceOrientationLandscapeRight";
				LD_RUNPATH_SEARCH_PATHS = (
					"$(inherited)",
					"@executable_path/Frameworks",
				);
				MARKETING_VERSION = 1.0;
				PRODUCT_BUNDLE_IDENTIFIER = "com.yTulsa-Tech.List";
				PRODUCT_NAME = "$(TARGET_NAME)";
				SWIFT_EMIT_LOC_STRINGS = YES;
				SWIFT_VERSION = 5.0;
				TARGETED_DEVICE_FAMILY = "1,2";
			};
			name = Release;
		};
		7D9B0AA028CB713A00DF597B /* Debug */ = {
			isa = XCBuildConfiguration;
			buildSettings = {
				ALWAYS_EMBED_SWIFT_STANDARD_LIBRARIES = YES;
				BUNDLE_LOADER = "$(TEST_HOST)";
				CODE_SIGN_STYLE = Automatic;
				CURRENT_PROJECT_VERSION = 1;
				DEVELOPMENT_TEAM = 5TFZ6X7YRG;
				GENERATE_INFOPLIST_FILE = YES;
				IPHONEOS_DEPLOYMENT_TARGET = 15.5;
				MARKETING_VERSION = 1.0;
				PRODUCT_BUNDLE_IDENTIFIER = "com.yTulsa-Tech.ListTests";
				PRODUCT_NAME = "$(TARGET_NAME)";
				SWIFT_EMIT_LOC_STRINGS = NO;
				SWIFT_VERSION = 5.0;
				TARGETED_DEVICE_FAMILY = "1,2";
				TEST_HOST = "$(BUILT_PRODUCTS_DIR)/List.app/List";
			};
			name = Debug;
		};
		7D9B0AA128CB713A00DF597B /* Release */ = {
			isa = XCBuildConfiguration;
			buildSettings = {
				ALWAYS_EMBED_SWIFT_STANDARD_LIBRARIES = YES;
				BUNDLE_LOADER = "$(TEST_HOST)";
				CODE_SIGN_STYLE = Automatic;
				CURRENT_PROJECT_VERSION = 1;
				DEVELOPMENT_TEAM = 5TFZ6X7YRG;
				GENERATE_INFOPLIST_FILE = YES;
				IPHONEOS_DEPLOYMENT_TARGET = 15.5;
				MARKETING_VERSION = 1.0;
				PRODUCT_BUNDLE_IDENTIFIER = "com.yTulsa-Tech.ListTests";
				PRODUCT_NAME = "$(TARGET_NAME)";
				SWIFT_EMIT_LOC_STRINGS = NO;
				SWIFT_VERSION = 5.0;
				TARGETED_DEVICE_FAMILY = "1,2";
				TEST_HOST = "$(BUILT_PRODUCTS_DIR)/List.app/List";
			};
			name = Release;
		};
		7D9B0AA328CB713A00DF597B /* Debug */ = {
			isa = XCBuildConfiguration;
			buildSettings = {
				ALWAYS_EMBED_SWIFT_STANDARD_LIBRARIES = YES;
				CODE_SIGN_STYLE = Automatic;
				CURRENT_PROJECT_VERSION = 1;
				DEVELOPMENT_TEAM = 5TFZ6X7YRG;
				GENERATE_INFOPLIST_FILE = YES;
				MARKETING_VERSION = 1.0;
				PRODUCT_BUNDLE_IDENTIFIER = "com.yTulsa-Tech.ListUITests";
				PRODUCT_NAME = "$(TARGET_NAME)";
				SWIFT_EMIT_LOC_STRINGS = NO;
				SWIFT_VERSION = 5.0;
				TARGETED_DEVICE_FAMILY = "1,2";
				TEST_TARGET_NAME = List;
			};
			name = Debug;
		};
		7D9B0AA428CB713A00DF597B /* Release */ = {
			isa = XCBuildConfiguration;
			buildSettings = {
				ALWAYS_EMBED_SWIFT_STANDARD_LIBRARIES = YES;
				CODE_SIGN_STYLE = Automatic;
				CURRENT_PROJECT_VERSION = 1;
				DEVELOPMENT_TEAM = 5TFZ6X7YRG;
				GENERATE_INFOPLIST_FILE = YES;
				MARKETING_VERSION = 1.0;
				PRODUCT_BUNDLE_IDENTIFIER = "com.yTulsa-Tech.ListUITests";
				PRODUCT_NAME = "$(TARGET_NAME)";
				SWIFT_EMIT_LOC_STRINGS = NO;
				SWIFT_VERSION = 5.0;
				TARGETED_DEVICE_FAMILY = "1,2";
				TEST_TARGET_NAME = List;
			};
			name = Release;
		};
/* End XCBuildConfiguration section */

/* Begin XCConfigurationList section */
		7D9B0A7328CB713500DF597B /* Build configuration list for PBXProject "List" */ = {
			isa = XCConfigurationList;
			buildConfigurations = (
				7D9B0A9A28CB713A00DF597B /* Debug */,
				7D9B0A9B28CB713A00DF597B /* Release */,
			);
			defaultConfigurationIsVisible = 0;
			defaultConfigurationName = Release;
		};
		7D9B0A9C28CB713A00DF597B /* Build configuration list for PBXNativeTarget "List" */ = {
			isa = XCConfigurationList;
			buildConfigurations = (
				7D9B0A9D28CB713A00DF597B /* Debug */,
				7D9B0A9E28CB713A00DF597B /* Release */,
			);
			defaultConfigurationIsVisible = 0;
			defaultConfigurationName = Release;
		};
		7D9B0A9F28CB713A00DF597B /* Build configuration list for PBXNativeTarget "ListTests" */ = {
			isa = XCConfigurationList;
			buildConfigurations = (
				7D9B0AA028CB713A00DF597B /* Debug */,
				7D9B0AA128CB713A00DF597B /* Release */,
			);
			defaultConfigurationIsVisible = 0;
			defaultConfigurationName = Release;
		};
		7D9B0AA228CB713A00DF597B /* Build configuration list for PBXNativeTarget "ListUITests" */ = {
			isa = XCConfigurationList;
			buildConfigurations = (
				7D9B0AA328CB713A00DF597B /* Debug */,
				7D9B0AA428CB713A00DF597B /* Release */,
			);
			defaultConfigurationIsVisible = 0;
			defaultConfigurationName = Release;
		};
/* End XCConfigurationList section */
	};
	rootObject = 7D9B0A7028CB713500DF597B /* Project object */;
}
